version: 7
platforms:
- name: linux-64
  virtual-packages:
  - __unix=0=0
  - __linux=4.18
  - __glibc=2.28
  - __archspec=0=x86_64
environments:
  default:
    channels:
    - url: https://conda.anaconda.org/conda-forge/
    indexes:
    - https://pypi.org/simple
    packages:
      linux-64:
      - conda: https://conda.anaconda.org/conda-forge/linux-64/_openmp_mutex-4.5-20_gnu.conda
      - conda: https://conda.anaconda.org/conda-forge/linux-64/binutils_impl_linux-64-2.46.1-default_hfdba357_102.conda
      - conda: https://conda.anaconda.org/conda-forge/linux-64/binutils_linux-64-2.46.1-default_h4852527_102.conda
      - conda: https://conda.anaconda.org/conda-forge/linux-64/bzip2-1.0.8-hda65f42_10.conda
      - conda: https://conda.anaconda.org/conda-forge/linux-64/c-ares-1.34.8-hebe6cf0_2.conda
      - conda: https://conda.anaconda.org/conda-forge/linux-64/ccache-4.14-h420ae53_0.conda
      - conda: https://conda.anaconda.org/conda-forge/linux-64/clang-22-22.1.8-default_h90b978e_10.conda
      - conda: https://conda.anaconda.org/conda-forge/linux-64/clang-scan-deps-22.1.8-default_h0acdd01_10.conda
      - conda: https://conda.anaconda.org/conda-forge/linux-64/clang_impl_linux-64-22.1.8-default_h2a708d9_10.conda
      - conda: https://conda.anaconda.org/conda-forge/linux-64/clang_linux-64-22.1-hecd59b2_28.conda
      - conda: https://conda.anaconda.org/conda-forge/linux-64/clangxx_impl_linux-64-22.1.8-default_h9d9a4db_10.conda
      - conda: https://conda.anaconda.org/conda-forge/linux-64/clangxx_linux-64-22.1-h2bf5a4b_28.conda
      - conda: https://conda.anaconda.org/conda-forge/linux-64/cmake-4.2.1-hc85cc9f_0.conda
      - conda: https://conda.anaconda.org/conda-forge/linux-64/compiler-rt-22.1.8-ha770c72_2.conda
      - conda: https://conda.anaconda.org/conda-forge/linux-64/compiler-rt22-22.1.8-h7148c6a_2.conda
      - conda: https://conda.anaconda.org/conda-forge/linux-64/icu-78.3-py310h44b86e0_2.conda
      - conda: https://conda.anaconda.org/conda-forge/linux-64/keyutils-1.6.3-h7cc23a3_1.conda
      - conda: https://conda.anaconda.org/conda-forge/linux-64/krb5-1.22.2-hbc21106_2.conda
      - conda: https://conda.anaconda.org/conda-forge/linux-64/ld_impl_linux-64-2.46.1-default_hbd61a6d_102.conda
      - conda: https://conda.anaconda.org/conda-forge/linux-64/libclang-cpp22.1-22.1.8-default_h0acdd01_10.conda
      - conda: https://conda.anaconda.org/conda-forge/linux-64/libclang-cpp23.1-23.1.1-default_h0acdd01_0.conda
      - conda: https://conda.anaconda.org/conda-forge/linux-64/libclang13-23.1.1-default_h7037f76_0.conda
      - conda: https://conda.anaconda.org/conda-forge/linux-64/libcompiler-rt-22.1.8-h7148c6a_2.conda
      - conda: https://conda.anaconda.org/conda-forge/linux-64/libcurl-8.22.0-ha042cf0_0.conda
      - conda: https://conda.anaconda.org/conda-forge/linux-64/libedit-3.1.20250104-pl5321h373387f_1.conda
      - conda: https://conda.anaconda.org/conda-forge/linux-64/libev-4.33-h280c20c_3.conda
      - conda: https://conda.anaconda.org/conda-forge/linux-64/libexpat-2.8.1-hecca717_1.conda
      - conda: https://conda.anaconda.org/conda-forge/linux-64/libffi-3.7.0-h81df57d_1.conda
      - conda: https://conda.anaconda.org/conda-forge/linux-64/libgcc-16.2.0-ha9f2e26_4.conda
      - conda: https://conda.anaconda.org/conda-forge/linux-64/libgomp-16.2.0-he0feb66_4.conda
      - conda: https://conda.anaconda.org/conda-forge/linux-64/libhiredis-1.3.0-h5888daf_1.conda
      - conda: https://conda.anaconda.org/conda-forge/linux-64/libiconv-1.18-h0cb94f2_3.conda
      - conda: https://conda.anaconda.org/conda-forge/linux-64/libllvm22-22.1.8-h474f4eb_2.conda
      - conda: https://conda.anaconda.org/conda-forge/linux-64/libllvm23-23.1.1-h474f4eb_0.conda
      - conda: https://conda.anaconda.org/conda-forge/linux-64/liblzma-5.8.3-hb03c661_1.conda
      - conda: https://conda.anaconda.org/conda-forge/linux-64/libnghttp2-1.68.1-h74cf4be_1.conda
      - conda: https://conda.anaconda.org/conda-forge/linux-64/libnsl-2.0.1-hb9d3cd8_1.conda
      - conda: https://conda.anaconda.org/conda-forge/linux-64/libpsl-0.23.1-hd9e3e90_1.conda
      - conda: https://conda.anaconda.org/conda-forge/linux-64/libpython-3.12.14-h0c77377_3_cpython.conda
      - conda: https://conda.anaconda.org/conda-forge/linux-64/libsqlite-3.53.4-h13e7031_1.conda
      - conda: https://conda.anaconda.org/conda-forge/linux-64/libssh2-1.11.1-h6154650_1.conda
      - conda: https://conda.anaconda.org/conda-forge/linux-64/libstdcxx-16.2.0-h934c35e_4.conda
      - conda: https://conda.anaconda.org/conda-forge/linux-64/libuuid-2.42.3-hcfc3c73_0.conda
      - conda: https://conda.anaconda.org/conda-forge/linux-64/libuv-1.52.1-h280c20c_1.conda
      - conda: https://conda.anaconda.org/conda-forge/linux-64/libxcrypt-4.4.38-h280c20c_0.conda
      - conda: https://conda.anaconda.org/conda-forge/linux-64/libxml2-16-2.15.4-hf3af7cc_0.conda
      - conda: https://conda.anaconda.org/conda-forge/linux-64/libxml2-2.15.4-h7df9aa5_0.conda
      - conda: https://conda.anaconda.org/conda-forge/linux-64/libzlib-1.3.2-h25fd6f3_3.conda
      - conda: https://conda.anaconda.org/conda-forge/linux-64/ncurses-6.6-hdb14827_1.conda
      - conda: https://conda.anaconda.org/conda-forge/linux-64/ninja-1.13.2-h171cf75_1.conda
      - conda: https://conda.anaconda.org/conda-forge/linux-64/openssl-3.6.4-h781a0a9_0.conda
      - conda: https://conda.anaconda.org/conda-forge/linux-64/python-3.12.14-h5f976f7_3_cpython.conda
      - conda: https://conda.anaconda.org/conda-forge/linux-64/readline-8.3-hd6e31c0_1.conda
      - conda: https://conda.anaconda.org/conda-forge/linux-64/rhash-1.4.6-hb03c661_2.conda
      - conda: https://conda.anaconda.org/conda-forge/linux-64/tk-8.6.13-noxft_h1df4ec4_4.conda
      - conda: https://conda.anaconda.org/conda-forge/linux-64/xxhash-0.8.3-hec8ed23_1.conda
      - conda: https://conda.anaconda.org/conda-forge/linux-64/zlib-1.3.2-h25fd6f3_3.conda
      - conda: https://conda.anaconda.org/conda-forge/linux-64/zstd-1.5.7-hb78ec9c_7.conda
      - conda: https://conda.anaconda.org/conda-forge/noarch/ca-certificates-2026.7.22-hbd8a1cb_0.conda
      - conda: https://conda.anaconda.org/conda-forge/noarch/compiler-rt22_linux-64-22.1.8-h0e38de2_2.conda
      - conda: https://conda.anaconda.org/conda-forge/noarch/compiler-rt_linux-64-22.1.8-ha770c72_2.conda
      - conda: https://conda.anaconda.org/conda-forge/noarch/kernel-headers_linux-64-4.18.0-he073ed8_9.conda
      - conda: https://conda.anaconda.org/conda-forge/noarch/libgcc-devel_linux-64-15.2.0-hcc6f6b0_120.conda
      - conda: https://conda.anaconda.org/conda-forge/noarch/libstdcxx-devel_linux-64-15.2.0-hd446a21_120.conda
      - conda: https://conda.anaconda.org/conda-forge/noarch/sysroot_linux-64-2.28-h4ee821c_9.conda
      - conda: https://conda.anaconda.org/conda-forge/noarch/tzdata-2026c-h151e31d_0.conda
      - pypi: https://files.pythonhosted.org/packages/49/d3/b8441a820a491ddfc024b0b0cf0393375b75ea13866d9c66727e54c2fc80/typing_extensions-4.16.0-py3-none-any.whl
      - pypi: https://files.pythonhosted.org/packages/9b/b4/e3c7e6fab0f77fff6194afa173d1f2342073d91b1d3b4b30b17c3fb4407a/numpy-2.1.2-cp312-cp312-manylinux_2_17_x86_64.manylinux2014_x86_64.whl
      - pypi: https://files.pythonhosted.org/packages/b4/33/720548182ffa8344418126017aa1d4ab4aeec9a2275f04ce3f3573d8ace8/PyYAML-6.0.1-cp312-cp312-manylinux_2_17_x86_64.manylinux2014_x86_64.whl
      - pypi: https://files.pythonhosted.org/packages/c7/f9/7d76c1eae866f5d4636401b31b6d6dd90e4b4ced1fa7cfdfcca9c60e4bd3/ml_dtypes-0.6.0-cp312-cp312-manylinux_2_27_x86_64.manylinux_2_28_x86_64.whl
      - pypi: https://files.pythonhosted.org/packages/d8/72/16a606cbea58be568475f450ece121b3fd62cffb390fd0f8eb8b410904f5/nanobind-2.15.0-py3-none-any.whl
packages:
- conda: https://conda.anaconda.org/conda-forge/linux-64/_openmp_mutex-4.5-20_gnu.conda
  build_number: 20
  sha256: 1dd3fffd892081df9726d7eb7e0dea6198962ba775bd88842135a4ddb4deb3c9
  md5: a9f577daf3de00bca7c3c76c0ecbd1de
  depends:
  - __glibc >=2.17,<3.0.a0
  - libgomp >=7.5.0
  constrains:
  - openmp_impl <0.0a0
  license: BSD-3-Clause
  license_family: BSD
  purls: []
  run_exports:
    strong:
    - _openmp_mutex >=4.5
  size: 28948
  timestamp: 1770939786096
- conda: https://conda.anaconda.org/conda-forge/linux-64/binutils_impl_linux-64-2.46.1-default_hfdba357_102.conda
  sha256: fb7bf36984a37ce7e4714d1d1da0bd0e3bfc679520f5cdc184afc676fd4b5da2
  md5: a0c5e0b7f58c8ceeb08e5bc41251d5a2
  depends:
  - ld_impl_linux-64 2.46.1 default_hbd61a6d_102
  - sysroot_linux-64
  - zstd >=1.5.7,<1.6.0a0
  license: GPL-3.0-only
  license_family: GPL
  purls: []
  run_exports: {}
  size: 3713752
  timestamp: 1784214522814
- conda: https://conda.anaconda.org/conda-forge/linux-64/binutils_linux-64-2.46.1-default_h4852527_102.conda
  sha256: 08d7238663fc408ba2ab60b02fa3d06a7ca9d872962e03e90c7e0fdecb7ed1d0
  md5: 32fd07abe84eb14f17c7f5cc6fa8df82
  depends:
  - binutils_impl_linux-64 2.46.1 default_hfdba357_102
  license: GPL-3.0-only
  license_family: GPL
  purls: []
  run_exports: {}
  size: 36337
  timestamp: 1784214551894
- conda: https://conda.anaconda.org/conda-forge/linux-64/bzip2-1.0.8-hda65f42_10.conda
  sha256: 1a0d382c515ebf55f8ee1f38c8b81bc95af5c2acc42ad53b66bc5df932032f96
  md5: e675fabcf81499adc7edf58124fb1e01
  depends:
  - __glibc >=2.17,<3.0.a0
  - libgcc >=14
  license: bzip2-1.0.6
  license_family: BSD
  purls: []
  run_exports:
    weak:
    - bzip2 >=1.0.8,<2.0a0
  size: 257808
  timestamp: 1785906269155
- conda: https://conda.anaconda.org/conda-forge/linux-64/c-ares-1.34.8-hebe6cf0_2.conda
  sha256: 9c37cc233238adf366ea75b0e845662a5be07ceadf62e458183516369340274b
  md5: 3ad2b403be8fc5612b9159e2ce621f69
  depends:
  - libgcc >=15
  - __glibc >=2.17,<3.0.a0
  license: MIT
  license_family: MIT
  purls: []
  run_exports:
    weak:
    - c-ares >=1.34.8,<2.0a0
  size: 228700
  timestamp: 1787169971173
- conda: https://conda.anaconda.org/conda-forge/linux-64/ccache-4.14-h420ae53_0.conda
  sha256: adace394e3f21541d1740b64f8f683cb6f6b9693fe419f49d4460a076090675d
  md5: 4a06ca30c8f0c68207c1ab0f25efef03
  depends:
  - __glibc >=2.17,<3.0.a0
  - libstdcxx >=15
  - libgcc >=15
  - xxhash >=0.8.3,<0.8.4.0a0
  - libhiredis >=1.3.0,<1.4.0a0
  - zstd >=1.5.7,<1.6.0a0
  license: GPL-3.0-only
  license_family: GPL
  purls: []
  run_exports: {}
  size: 877231
  timestamp: 1787493232501
- conda: https://conda.anaconda.org/conda-forge/linux-64/clang-22-22.1.8-default_h90b978e_10.conda
  sha256: 812c9075110812fef0694ce9976ea6db2fd9bb250f1424e8d9d959a77c87427f
  md5: e0876f7128b4aa0c8f7930c91f9d1425
  depends:
  - compiler-rt22 ==22.1.8
  - libclang-cpp22.1 ==22.1.8 default_h0acdd01_10
  - libstdcxx >=15
  - libgcc >=15
  - __glibc >=2.17,<3.0.a0
  - libxml2
  - libxml2-16 >=2.15.3
  - zstd >=1.5.7,<1.6.0a0
  - libzlib >=1.3.2,<2.0a0
  - libclang-cpp22.1 >=22.1.8,<22.2.0a0
  - libllvm22 >=22.1.8,<22.2.0a0
  license: Apache-2.0 WITH LLVM-exception
  license_family: APACHE
  purls: []
  run_exports: {}
  size: 942600
  timestamp: 1788043761816
- conda: https://conda.anaconda.org/conda-forge/linux-64/clang-scan-deps-22.1.8-default_h0acdd01_10.conda
  sha256: fc4d5fc03cc293af90fef96ac122ab5bce8c0cca52c8e31c25bdcf69510fd06d
  md5: 61bc8c192603995ee5a9aa3f7bb52fc7
  depends:
  - libclang13 >=22.1.8
  - libclang-cpp22.1 >=22.1.8,<22.2.0a0
  - libstdcxx >=15
  - libgcc >=15
  - __glibc >=2.17,<3.0.a0
  - libxml2
  - libxml2-16 >=2.15.3
  - zstd >=1.5.7,<1.6.0a0
  - libzlib >=1.3.2,<2.0a0
  - libllvm22 >=22.1.8,<22.2.0a0
  license: Apache-2.0 WITH LLVM-exception
  license_family: APACHE
  purls: []
  run_exports: {}
  size: 112874
  timestamp: 1788043761816
- conda: https://conda.anaconda.org/conda-forge/linux-64/clang_impl_linux-64-22.1.8-default_h2a708d9_10.conda
  sha256: bc6404c83d52a4c3acb3d454bbc3074e9dcaa09f4070b6e9bdd2346b4ca2b7ef
  md5: 73d50ec5d622a6487d592d4a56eb0129
  depends:
  - clang-22 ==22.1.8 default_h90b978e_10
  - compiler-rt_linux-64 ==22.1.8
  - compiler-rt ==22.1.8
  - binutils_impl_linux-64
  - libgcc-devel_linux-64
  - sysroot_linux-64
  - libstdcxx >=15
  - libgcc >=15
  - __glibc >=2.17,<3.0.a0
  - libxml2
  - libxml2-16 >=2.15.3
  - zstd >=1.5.7,<1.6.0a0
  - libzlib >=1.3.2,<2.0a0
  license: Apache-2.0 WITH LLVM-exception
  license_family: APACHE
  purls: []
  run_exports: {}
  size: 33792
  timestamp: 1788043761816
- conda: https://conda.anaconda.org/conda-forge/linux-64/clang_linux-64-22.1-hecd59b2_28.conda
  sha256: a29bf378546dc37cb943bcbcf0bb9e907037ae06128b5c84e9a67ff67bbb125b
  md5: 3eaa40c19a7645d5e8d321da9fac3718
  depends:
  - binutils_linux-64
  - clang_impl_linux-64 22.1.*
  - libgcc-devel_linux-64 15.2.0.*
  license: BSD-3-Clause
  license_family: BSD
  purls: []
  run_exports:
    strong:
    - libgcc >=15
  size: 29467
  timestamp: 1785174991052
- conda: https://conda.anaconda.org/conda-forge/linux-64/clangxx_impl_linux-64-22.1.8-default_h9d9a4db_10.conda
  sha256: 8ae45dfc412510b86180d7d0953aae2fd465cb7f850953d6e178e29a3e8ddd9b
  md5: 4bb0b422195d017105e0ed946b5274c9
  depends:
  - clang-22 ==22.1.8 default_h90b978e_10
  - clang_impl_linux-64 ==22.1.8 default_h2a708d9_10
  - clang-scan-deps ==22.1.8 default_h0acdd01_10
  - libstdcxx-devel_linux-64
  - libstdcxx >=15
  - libgcc >=15
  - __glibc >=2.17,<3.0.a0
  - libxml2
  - libxml2-16 >=2.15.3
  - zstd >=1.5.7,<1.6.0a0
  - libzlib >=1.3.2,<2.0a0
  license: Apache-2.0 WITH LLVM-exception
  license_family: APACHE
  purls: []
  run_exports: {}
  size: 33908
  timestamp: 1788043761816
- conda: https://conda.anaconda.org/conda-forge/linux-64/clangxx_linux-64-22.1-h2bf5a4b_28.conda
  sha256: 843be097afe0dd5a80699e320b838d5a7b8910a613e0e8610257e120199c871a
  md5: 624e5d5a8bfe8ad500e9db0b56cf73e2
  depends:
  - clang_linux-64 ==22.1 hecd59b2_28
  - clangxx_impl_linux-64 22.1.*
  - libstdcxx-devel_linux-64 15.2.0.*
  license: BSD-3-Clause
  license_family: BSD
  purls: []
  run_exports:
    strong:
    - libstdcxx >=15
    - libgcc >=15
  size: 27947
  timestamp: 1785174991052
- conda: https://conda.anaconda.org/conda-forge/linux-64/cmake-4.2.1-hc85cc9f_0.conda
  sha256: 655db6eddb370306d6d0ed3ac1d679ca044e45e03a43fc98cccfc5cafc341c5f
  md5: e4afa0cb7943cc9810546f70f02223d5
  depends:
  - __glibc >=2.17,<3.0.a0
  - bzip2 >=1.0.8,<2.0a0
  - libcurl >=8.17.0,<9.0a0
  - libexpat >=2.7.3,<3.0a0
  - libgcc >=14
  - liblzma >=5.8.1,<6.0a0
  - libstdcxx >=14
  - libuv >=1.51.0,<2.0a0
  - libzlib >=1.3.1,<2.0a0
  - ncurses >=6.5,<7.0a0
  - rhash >=1.4.6,<2.0a0
  - zstd >=1.5.7,<1.6.0a0
  license: BSD-3-Clause
  license_family: BSD
  purls: []
  run_exports: {}
  size: 22303088
  timestamp: 1765229009574
- conda: https://conda.anaconda.org/conda-forge/linux-64/compiler-rt-22.1.8-ha770c72_2.conda
  sha256: 2d1981daa747e884f359c698b95cb36dafea675772e10654e79c0b3516d51832
  md5: 1aa79dea4abc486d7538e200e47987a6
  depends:
  - compiler-rt22 22.1.8 h7148c6a_2
  - libcompiler-rt 22.1.8 h7148c6a_2
  constrains:
  - clang 22.1.8
  license: Apache-2.0 WITH LLVM-exception
  license_family: APACHE
  purls: []
  run_exports: {}
  size: 16638
  timestamp: 1787293765325
- conda: https://conda.anaconda.org/conda-forge/linux-64/compiler-rt22-22.1.8-h7148c6a_2.conda
  sha256: a363ee7ace374becfda5a4277a78166fa8e541d49ec5280b56b470b72b01f118
  md5: 4f275c16dcfe4374f3d41bc487de219b
  depends:
  - __glibc >=2.17,<3.0.a0
  - compiler-rt22_linux-64 22.1.8.*
  - libgcc >=15
  - libstdcxx >=15
  license: Apache-2.0 WITH LLVM-exception
  license_family: APACHE
  purls: []
  run_exports: {}
  size: 115799
  timestamp: 1787293764090
- conda: https://conda.anaconda.org/conda-forge/linux-64/icu-78.3-py310h44b86e0_2.conda
  sha256: 9f07834f0c546ab14d885ce0366285f61f44e326c0edd1fc63b8294e113ae432
  md5: 72a381cbad04f24b1c2a43ef707f45b4
  depends:
  - __glibc >=2.17,<3.0.a0
  - libstdcxx >=14
  - libgcc >=14
  license: MIT
  license_family: MIT
  purls: []
  run_exports:
    weak:
    - icu >=78.3,<79.0a0
  size: 14459115
  timestamp: 1786545741408
- conda: https://conda.anaconda.org/conda-forge/linux-64/keyutils-1.6.3-h7cc23a3_1.conda
  sha256: dd053c96dcb0dcfd59422aefea9d2fe937a190167f34fba7893ec1e10a7e8963
  md5: ba55d1b89fd7775e67de8291029b4059
  depends:
  - __glibc >=2.17,<3.0.a0
  - libgcc >=15
  license: LGPL-2.1-or-later
  purls: []
  run_exports:
    weak:
    - keyutils >=1.6.3,<2.0a0
  size: 135295
  timestamp: 1786739238128
- conda: https://conda.anaconda.org/conda-forge/linux-64/krb5-1.22.2-hbc21106_2.conda
  sha256: 2a5c38c85e63df84c4e69ee71439841ce570d259ae3060627bb9a49a938d66f4
  md5: 53318d715316929a574f83591308b1f8
  depends:
  - __glibc >=2.17,<3.0.a0
  - keyutils >=1.6.3,<2.0a0
  - libedit >=3.1.20250104,<3.2.0a0
  - libedit >=3.1.20250104,<4.0a0
  - libgcc >=15
  - libstdcxx >=15
  - openssl >=3.5.7,<4.0a0
  license: MIT
  license_family: MIT
  purls: []
  run_exports:
    weak:
    - krb5 >=1.22.2,<1.23.0a0
  size: 1394333
  timestamp: 1786762112514
- conda: https://conda.anaconda.org/conda-forge/linux-64/ld_impl_linux-64-2.46.1-default_hbd61a6d_102.conda
  sha256: 27d83f1188cd19bcb7754a078b3fa7f4cfb8527f8eb2fde54dd01fc529d1adec
  md5: 449500f2c089da11c40f5c21312e3e07
  depends:
  - __glibc >=2.17,<3.0.a0
  - zstd >=1.5.7,<1.6.0a0
  constrains:
  - binutils_impl_linux-64 2.46.1
  license: GPL-3.0-only
  license_family: GPL
  purls: []
  run_exports: {}
  size: 745303
  timestamp: 1784214507189
- conda: https://conda.anaconda.org/conda-forge/linux-64/libclang-cpp22.1-22.1.8-default_h0acdd01_10.conda
  sha256: 44ed5220e286dbb2886225b4ca2ea8eaac2769ac039e933440bea6ced3dadf95
  md5: 2b93d9e99401f2384694c61eb292bdf0
  depends:
  - libstdcxx >=15
  - libgcc >=15
  - __glibc >=2.17,<3.0.a0
  - libxml2
  - libxml2-16 >=2.15.3
  - zstd >=1.5.7,<1.6.0a0
  - libzlib >=1.3.2,<2.0a0
  - libllvm22 >=22.1.8,<22.2.0a0
  license: Apache-2.0 WITH LLVM-exception
  license_family: APACHE
  purls: []
  run_exports:
    weak:
    - libclang-cpp22.1 >=22.1.8,<22.2.0a0
  size: 24529851
  timestamp: 1788043761816
- conda: https://conda.anaconda.org/conda-forge/linux-64/libclang-cpp23.1-23.1.1-default_h0acdd01_0.conda
  sha256: 1a393452606eaed3192783a77acffffce6dec101f44bfa9f1c8b00da0e1b828b
  md5: 685684bbe8a2b702db0a664f882a49aa
  depends:
  - libstdcxx >=15
  - libgcc >=15
  - __glibc >=2.17,<3.0.a0
  - libxml2
  - libxml2-16 >=2.15.4
  - zstd >=1.5.7,<1.6.0a0
  - libzlib >=1.3.2,<2.0a0
  - libllvm23 >=23.1.1,<23.2.0a0
  license: Apache-2.0 WITH LLVM-exception
  license_family: APACHE
  purls: []
  run_exports:
    weak:
    - libclang-cpp23.1 >=23.1.1,<23.2.0a0
  size: 25352464
  timestamp: 1788986724670
- conda: https://conda.anaconda.org/conda-forge/linux-64/libclang13-23.1.1-default_h7037f76_0.conda
  sha256: 89c4968a9eb3c45aa6ecd1e20dcf30419cc52ef756af3bbad5099ae488cb8330
  md5: 477ba0fcc49cbf8dad6fadac96dd87c5
  depends:
  - libclang-cpp23.1 ==23.1.1 default_h0acdd01_0
  - libstdcxx >=15
  - libgcc >=15
  - __glibc >=2.17,<3.0.a0
  - libxml2
  - libxml2-16 >=2.15.4
  - zstd >=1.5.7,<1.6.0a0
  - libzlib >=1.3.2,<2.0a0
  - libllvm23 >=23.1.1,<23.2.0a0
  license: Apache-2.0 WITH LLVM-exception
  license_family: APACHE
  purls: []
  run_exports:
    weak:
    - libclang13 >=23.1.1
  size: 15440907
  timestamp: 1788986724670
- conda: https://conda.anaconda.org/conda-forge/linux-64/libcompiler-rt-22.1.8-h7148c6a_2.conda
  sha256: 84ca16b2ea02a365c36a0a5b488dd88f460433e49575c925e849ad76ef573302
  md5: 98bfa4c4f5dbce62e9435978d4564424
  depends:
  - __glibc >=2.17,<3.0.a0
  - libgcc >=15
  - libstdcxx >=15
  constrains:
  - compiler-rt >=9.0.1
  license: Apache-2.0 WITH LLVM-exception
  license_family: APACHE
  purls: []
  run_exports:
    weak:
    - libcompiler-rt >=22.1.8
  size: 10841077
  timestamp: 1787293745038
- conda: https://conda.anaconda.org/conda-forge/linux-64/libcurl-8.22.0-ha042cf0_0.conda
  sha256: 483b7eb97f56fbb3a9cb7190d33012dfa0a5aaed99ede61465563cd97dd82504
  md5: e617deee7af8eb0c04f6296d12b54157
  depends:
  - __glibc >=2.17,<3.0.a0
  - krb5 >=1.22.2,<1.23.0a0
  - libgcc >=15
  - libnghttp2 >=1.68.1,<2.0a0
  - libpsl >=0.23.1,<0.24.0a0
  - libssh2 >=1.11.1,<2.0a0
  - libzlib >=1.3.2,<2.0a0
  - openssl >=3.5.8,<4.0a0
  - zstd >=1.5.7,<1.6.0a0
  license: curl
  license_family: MIT
  purls: []
  run_exports:
    weak:
    - libcurl >=8.22.0,<9.0a0
  size: 499651
  timestamp: 1788340719230
- conda: https://conda.anaconda.org/conda-forge/linux-64/libedit-3.1.20250104-pl5321h373387f_1.conda
  sha256: 6473eb8caf2aae830f37caa93db9b26dddf7ac84b63229e8bf7fc0e5c3ab95b0
  md5: 50708d3b951d0f8e2d7f2df5b5edc040
  depends:
  - ncurses
  - libgcc >=14
  - __glibc >=2.17,<3.0.a0
  - ncurses >=6.6,<7.0a0
  license: BSD-2-Clause
  license_family: BSD
  purls: []
  run_exports:
    weak:
    - libedit >=3.1.20250104,<3.2.0a0
  size: 135098
  timestamp: 1786616658086
- conda: https://conda.anaconda.org/conda-forge/linux-64/libev-4.33-h280c20c_3.conda
  sha256: e4418f68d01a6307c4431b585c71b584f40189877364e542ee87deb777f5e85b
  md5: 7bc31538d6e3fb349e897353969237ec
  depends:
  - libgcc >=14
  - __glibc >=2.17,<3.0.a0
  license: BSD-2-Clause OR GPL-2.0-or-later
  license_family: GPL
  purls: []
  run_exports:
    weak:
    - libev >=4.33,<4.34.0a0
  size: 43220
  timestamp: 1785917328200
- conda: https://conda.anaconda.org/conda-forge/linux-64/libexpat-2.8.1-hecca717_1.conda
  sha256: 16feffd9ddbbe5b718515d38ee376c685ba95491cd901244e24671d20b952a77
  md5: b24d3c612f71e7aa74158d92106318b2
  depends:
  - __glibc >=2.17,<3.0.a0
  - libgcc >=14
  constrains:
  - expat 2.8.1.*
  license: MIT
  license_family: MIT
  purls: []
  run_exports: {}
  size: 77856
  timestamp: 1781203599810
- conda: https://conda.anaconda.org/conda-forge/linux-64/libffi-3.7.0-h81df57d_1.conda
  sha256: c8c7583ef063bc3c430f1d48298e5ad24f796a35c22ed5b14183325825a61106
  md5: 6525a0b06aa4fd390795f0740636a9dd
  depends:
  - __glibc >=2.17,<3.0.a0
  - libgcc >=15
  license: MIT
  license_family: MIT
  purls: []
  run_exports:
    weak:
    - libffi >=3.7.0,<3.8.0a0
  size: 68004
  timestamp: 1787753412298
- conda: https://conda.anaconda.org/conda-forge/linux-64/libgcc-16.2.0-ha9f2e26_4.conda
  sha256: 24090e675d34403b4ee1cd4372d8f6c0937da7ecfd66a19a57cac2ed0f4ea793
  md5: cba14d01083fc62ffd32c24d7d390633
  depends:
  - __glibc >=2.17,<3.0.a0
  - _openmp_mutex >=4.5
  constrains:
  - libgcc-ng ==16.2.0=*_4
  - libgomp 16.2.0 he0feb66_4
  license: GPL-3.0-only WITH GCC-exception-3.1
  license_family: GPL
  purls: []
  run_exports: {}
  size: 1058083
  timestamp: 1787618680111
- conda: https://conda.anaconda.org/conda-forge/linux-64/libgomp-16.2.0-he0feb66_4.conda
  sha256: 0fe5cb8e0752241ab55e11656ed1b9726248b522d23b929fe7c95b83eb55b9bb
  md5: 89d2c1231f47bd818f5d624b9411459d
  depends:
  - __glibc >=2.17,<3.0.a0
  license: GPL-3.0-only WITH GCC-exception-3.1
  license_family: GPL
  purls: []
  run_exports:
    strong:
    - _openmp_mutex >=4.5
  size: 639968
  timestamp: 1787618616266
- conda: https://conda.anaconda.org/conda-forge/linux-64/libhiredis-1.3.0-h5888daf_1.conda
  sha256: 5638e321719590b00826d218431d5028d1a22a76f281532ce621d9a40d5e0f42
  md5: aa342fcf3bc583660dbfdb2eae6be48e
  depends:
  - __glibc >=2.17,<3.0.a0
  - libgcc >=13
  - libstdcxx >=13
  license: BSD-3-Clause
  license_family: BSD
  purls: []
  run_exports:
    weak:
    - libhiredis >=1.3.0,<1.4.0a0
  size: 140759
  timestamp: 1748219397797
- conda: https://conda.anaconda.org/conda-forge/linux-64/libiconv-1.18-h0cb94f2_3.conda
  sha256: f943117edb9cd4d9c61cc972eee5a34291dc55ea7a6e9e38da104995841cbcb6
  md5: f92233bf33e24a25668bb2119e2c51f9
  depends:
  - __glibc >=2.17,<3.0.a0
  - libgcc >=15
  license: LGPL-2.1-only
  purls: []
  run_exports:
    weak:
    - libiconv >=1.18,<2.0a0
  size: 789471
  timestamp: 1787033836207
- conda: https://conda.anaconda.org/conda-forge/linux-64/libllvm22-22.1.8-h474f4eb_2.conda
  sha256: cfc90781f703b8b8cc35694d46c9a200e3cf66657f55517f8b1ec1f672c42752
  md5: d70196b03134e3bab985d9f5554fb38b
  depends:
  - __glibc >=2.17,<3.0.a0
  - libgcc >=15
  - libstdcxx >=15
  - libxml2
  - libxml2-16 >=2.15.3
  - libzlib >=1.3.2,<2.0a0
  - zstd >=1.5.7,<1.6.0a0
  license: Apache-2.0 WITH LLVM-exception
  license_family: Apache
  purls: []
  run_exports:
    weak:
    - libllvm22 >=22.1.8,<22.2.0a0
  size: 44652037
  timestamp: 1787288437518
- conda: https://conda.anaconda.org/conda-forge/linux-64/libllvm23-23.1.1-h474f4eb_0.conda
  sha256: 5c716beeb80cd420c37cb811102a9e76c66072f47ed319de1a931ecdd98c9e6b
  md5: d96e790721dd4e9af624acbf46cdd818
  depends:
  - __glibc >=2.17,<3.0.a0
  - libgcc >=15
  - libstdcxx >=15
  - libxml2
  - libxml2-16 >=2.15.4
  - libzlib >=1.3.2,<2.0a0
  - zstd >=1.5.7,<1.6.0a0
  license: Apache-2.0 WITH LLVM-exception
  license_family: Apache
  purls: []
  run_exports:
    weak:
    - libllvm23 >=23.1.1,<23.2.0a0
  size: 45065095
  timestamp: 1788900116889
- conda: https://conda.anaconda.org/conda-forge/linux-64/liblzma-5.8.3-hb03c661_1.conda
  sha256: 9787df8c22a59c9a70d3e5a10db9ad663485e75e9ccc3f09bd092cb7b95e0dab
  md5: 1390b7c5ac0b1d8e447bc5efa6d3c8c2
  depends:
  - __glibc >=2.17,<3.0.a0
  - libgcc >=14
  constrains:
  - xz 5.8.3.*
  license: 0BSD
  purls: []
  run_exports:
    weak:
    - liblzma >=5.8.3,<6.0a0
  size: 112995
  timestamp: 1786348617826
- conda: https://conda.anaconda.org/conda-forge/linux-64/libnghttp2-1.68.1-h74cf4be_1.conda
  sha256: 11a2f54a6f391e25738bce0023e6ef499600147bbcf21c1fa69d2e251b03cc6a
  md5: 75d211f04ac87506f1f43420712a69fe
  depends:
  - __glibc >=2.17,<3.0.a0
  - c-ares >=1.34.8,<2.0a0
  - libev >=4.33,<4.34.0a0
  - libev >=4.33,<5.0a0
  - libgcc >=15
  - libstdcxx >=15
  - libzlib >=1.3.2,<2.0a0
  - openssl >=3.5.7,<4.0a0
  license: MIT
  license_family: MIT
  purls: []
  run_exports:
    weak:
    - libnghttp2 >=1.68.1,<2.0a0
  size: 649974
  timestamp: 1787177490105
- conda: https://conda.anaconda.org/conda-forge/linux-64/libnsl-2.0.1-hb9d3cd8_1.conda
  sha256: 927fe72b054277cde6cb82597d0fcf6baf127dcbce2e0a9d8925a68f1265eef5
  md5: d864d34357c3b65a4b731f78c0801dc4
  depends:
  - __glibc >=2.17,<3.0.a0
  - libgcc >=13
  license: LGPL-2.1-only
  license_family: GPL
  purls: []
  run_exports:
    weak:
    - libnsl >=2.0.1,<2.1.0a0
  size: 33731
  timestamp: 1750274110928
- conda: https://conda.anaconda.org/conda-forge/linux-64/libpsl-0.23.1-hd9e3e90_1.conda
  sha256: 09e8effdc89bc5d021349318d32b85594f5b8d8e3ab8f90a85b81f8fe695a566
  md5: 77be60417aa572afcb48cbe0f967401d
  depends:
  - libstdcxx >=15
  - libgcc >=15
  - __glibc >=2.17,<3.0.a0
  - icu >=78.3,<79.0a0
  license: MIT
  license_family: MIT
  purls: []
  run_exports:
    weak:
    - libpsl >=0.23.1,<0.24.0a0
  size: 72519
  timestamp: 1786970753847
- conda: https://conda.anaconda.org/conda-forge/linux-64/libpython-3.12.14-h0c77377_3_cpython.conda
  build_number: 3
  sha256: 6be16a4906d83eb8e9e04375d524f339f426a847cffd294f1ceb0611988dc17a
  md5: d247b7632f09324c11f24b5270361385
  depends:
  - __glibc >=2.17,<3.0.a0
  - libgcc >=15
  - libstdcxx >=15
  license: Python-2.0
  purls: []
  run_exports: {}
  size: 8770625
  timestamp: 1788392466381
- conda: https://conda.anaconda.org/conda-forge/linux-64/libsqlite-3.53.4-h13e7031_1.conda
  sha256: f20d70da54e5b31dd4a51fb1efeaafafd5ab6dd8d7ac9d1438eaa2526ac4ed3d
  md5: e72bbec309c2b0f37823ee7d4fabfcd3
  depends:
  - __glibc >=2.17,<3.0.a0
  - icu >=78.3,<79.0a0
  - libgcc >=15
  - libzlib >=1.3.2,<2.0a0
  license: blessing
  purls: []
  run_exports:
    weak:
    - libsqlite >=3.53.4,<4.0a0
  size: 974348
  timestamp: 1787051145557
- conda: https://conda.anaconda.org/conda-forge/linux-64/libssh2-1.11.1-h6154650_1.conda
  sha256: 7e463000fa1cba3f3a6597b776f6ab301d425a96e3bc20d0d9d76a3b9f237aa3
  md5: 5c526561e1d2a2e071941174eae84557
  depends:
  - __glibc >=2.17,<3.0.a0
  - libgcc >=14
  - libzlib >=1.3.2,<2.0a0
  - openssl >=3.5.7,<4.0a0
  license: BSD-3-Clause
  license_family: BSD
  purls: []
  run_exports:
    weak:
    - libssh2 >=1.11.1,<2.0a0
  size: 306045
  timestamp: 1786713107897
- conda: https://conda.anaconda.org/conda-forge/linux-64/libstdcxx-16.2.0-h934c35e_4.conda
  sha256: 40b792b0186c1e8859280a1f6f19a54fc50a11b32724fc7b637009c1a9bd302b
  md5: 2f2ef0d96de5bdd8c1270ff22fdf9352
  depends:
  - __glibc >=2.17,<3.0.a0
  - libgcc 16.2.0 ha9f2e26_4
  constrains:
  - libstdcxx-ng ==16.2.0=*_4
  license: GPL-3.0-only WITH GCC-exception-3.1
  license_family: GPL
  purls: []
  run_exports: {}
  size: 6613148
  timestamp: 1787618704262
- conda: https://conda.anaconda.org/conda-forge/linux-64/libuuid-2.42.3-hcfc3c73_0.conda
  sha256: aa58bbba56644ffd062a4a9b358782c5eb7560ccead2ab8f7c5c6ede0a7d33a6
  md5: 74a0a409d9f4561265d36b789d3f398a
  depends:
  - __glibc >=2.17,<3.0.a0
  - libgcc >=15
  license: BSD-3-Clause
  license_family: BSD
  purls: []
  run_exports:
    weak:
    - libuuid >=2.42.3,<3.0a0
  size: 39998
  timestamp: 1788347719520
- conda: https://conda.anaconda.org/conda-forge/linux-64/libuv-1.52.1-h280c20c_1.conda
  sha256: 67761d0206f84140047a367eaf9befe03a7e157a29ee25aee0047b40801cc6b6
  md5: 01c4ed87826af55996768af6dbc936b4
  depends:
  - libgcc >=14
  - __glibc >=2.17,<3.0.a0
  license: MIT
  license_family: MIT
  purls: []
  run_exports:
    weak:
    - libuv >=1.52.1,<2.0a0
  size: 420040
  timestamp: 1785914567661
- conda: https://conda.anaconda.org/conda-forge/linux-64/libxcrypt-4.4.38-h280c20c_0.conda
  sha256: f7e9292dd219a6435bbb1223da9586c3e70d66d169c5a92f08db3f2127df04e9
  md5: f7a7ff5a6ab331e037abd34f379a631d
  depends:
  - libgcc >=14
  - __glibc >=2.17,<3.0.a0
  license: LGPL-2.1-or-later
  purls: []
  run_exports:
    weak:
    - libxcrypt >=4.4.38
  size: 101957
  timestamp: 1785887123445
- conda: https://conda.anaconda.org/conda-forge/linux-64/libxml2-16-2.15.4-hf3af7cc_0.conda
  sha256: 9a1685c8d8b8488cd7882a9cd6e673e687211ca763ebbcd1e91b6f594eeadc45
  md5: b7545c57a73a51d72aa6eee5695cf051
  depends:
  - __glibc >=2.17,<3.0.a0
  - icu >=78.3,<79.0a0
  - libgcc >=15
  - libiconv >=1.18,<2.0a0
  - liblzma >=5.8.3,<6.0a0
  - libzlib >=1.3.2,<2.0a0
  constrains:
  - libxml2 2.15.4
  license: MIT
  license_family: MIT
  purls: []
  run_exports: {}
  size: 569196
  timestamp: 1788635197456
- conda: https://conda.anaconda.org/conda-forge/linux-64/libxml2-2.15.4-h7df9aa5_0.conda
  sha256: 053d85821ce5e36b7ce03faea5930382f6af695df9e2cd68e5d8d273072d1551
  md5: ea192d1ef556bf1d55de4acb8c0f5b65
  depends:
  - __glibc >=2.17,<3.0.a0
  - icu >=78.3,<79.0a0
  - libgcc >=15
  - libiconv >=1.18,<2.0a0
  - liblzma >=5.8.3,<6.0a0
  - libxml2-16 2.15.4 hf3af7cc_0
  - libzlib >=1.3.2,<2.0a0
  license: MIT
  license_family: MIT
  purls: []
  run_exports:
    weak:
    - libxml2
    - libxml2-16 >=2.15.4
  size: 47077
  timestamp: 1788635202698
- conda: https://conda.anaconda.org/conda-forge/linux-64/libzlib-1.3.2-h25fd6f3_3.conda
  sha256: eb8a0db0aa570124f7d2a93d7c7f596e3390df5e047818d873baad32985fc736
  md5: 0de0122d9570a8ab637c6b73db268389
  depends:
  - __glibc >=2.17,<3.0.a0
  constrains:
  - zlib 1.3.2 *_3
  license: Zlib
  license_family: Other
  purls: []
  run_exports:
    weak:
    - libzlib >=1.3.2,<2.0a0
  size: 63713
  timestamp: 1785362952714
- conda: https://conda.anaconda.org/conda-forge/linux-64/ncurses-6.6-hdb14827_1.conda
  sha256: 5d46557214ed184381dafe835b7c94a474a1c3b307a08a250b1ea4779b44ffb3
  md5: ee6c0cd80a60961a1f48aa3e0b91f986
  depends:
  - __glibc >=2.17,<3.0.a0
  - libgcc >=14
  license: X11 AND BSD-3-Clause
  purls: []
  run_exports:
    weak:
    - ncurses >=6.6,<7.0a0
  size: 911196
  timestamp: 1786355078102
- conda: https://conda.anaconda.org/conda-forge/linux-64/ninja-1.13.2-h171cf75_1.conda
  sha256: 2b5f2e865122f9fc0637f520a7cb22e16b9727b2db6761ee16cb5e6404412c81
  md5: 2db7a395d7dc2b6ed5effaf68fb99443
  depends:
  - __glibc >=2.17,<3.0.a0
  - libstdcxx >=14
  - libgcc >=14
  license: Apache-2.0
  license_family: APACHE
  purls: []
  run_exports: {}
  size: 186767
  timestamp: 1786713048064
- conda: https://conda.anaconda.org/conda-forge/linux-64/openssl-3.6.4-h781a0a9_0.conda
  sha256: 4747b2d6a8336f52343bceb8a1ebf41a9e6e665b9d2e3f989972de53a310599e
  md5: 16e3034a330cc625f2c685edec60cf4e
  depends:
  - __glibc >=2.17,<3.0.a0
  - ca-certificates
  - libgcc >=15
  license: Apache-2.0
  license_family: Apache
  purls: []
  run_exports:
    weak:
    - openssl >=3.6.4,<4.0a0
  size: 3202955
  timestamp: 1787698780103
- conda: https://conda.anaconda.org/conda-forge/linux-64/python-3.12.14-h5f976f7_3_cpython.conda
  build_number: 3
  sha256: 14c579b1016da04e4c9f1c5c857272d83ec447317d8c4074a07d59de3cef70ef
  md5: 98be3cf76eca2e8871f907a03aed3b84
  depends:
  - __glibc >=2.17,<3.0.a0
  - bzip2 >=1.0.8,<2.0a0
  - ld_impl_linux-64 >=2.36.1
  - libexpat >=2.8.1,<3.0a0
  - libffi >=3.7.0,<3.8.0a0
  - libgcc >=15
  - liblzma >=5.8.3,<6.0a0
  - libnsl >=2.0.1,<2.1.0a0
  - libpython 3.12.14 h0c77377_3_cpython
  - libsqlite >=3.53.4,<4.0a0
  - libuuid >=2.42.3,<3.0a0
  - libxcrypt >=4.4.38
  - libzlib >=1.3.2,<2.0a0
  - ncurses >=6.6,<7.0a0
  - openssl >=3.5.8,<4.0a0
  - readline >=8.3,<9.0a0
  - tk >=8.6.13,<8.7.0a0
  - tzdata
  constrains:
  - python_abi 3.12.* *_cp312
  license: Python-2.0
  purls: []
  run_exports:
    weak:
    - python_abi 3.12.* *_cp312
    noarch:
    - python
  size: 23044161
  timestamp: 1788392496306
- conda: https://conda.anaconda.org/conda-forge/linux-64/readline-8.3-hd6e31c0_1.conda
  sha256: 01b3fe073a66e321970d09e04b388708f8cbdca5cdfbfcb7c9eeb470ad10383d
  md5: 69c01c781e7c8190bbdaf79e3848c5ca
  depends:
  - __glibc >=2.17,<3.0.a0
  - libgcc >=15
  - ncurses >=6.6,<7.0a0
  license: GPL-3.0-only
  license_family: GPL
  purls: []
  run_exports:
    weak:
    - readline >=8.3,<9.0a0
  size: 348899
  timestamp: 1787033801506
- conda: https://conda.anaconda.org/conda-forge/linux-64/rhash-1.4.6-hb03c661_2.conda
  sha256: 186a5b225077ad5f4656966da947d43307101950751ef4a239b455588756b4e1
  md5: 007602d697e07c11ff9864964eba5ee3
  depends:
  - __glibc >=2.17,<3.0.a0
  - libgcc >=14
  license: MIT
  license_family: MIT
  purls: []
  run_exports:
    weak:
    - rhash >=1.4.6,<2.0a0
  size: 194994
  timestamp: 1786731436520
- conda: https://conda.anaconda.org/conda-forge/linux-64/tk-8.6.13-noxft_h1df4ec4_4.conda
  build_number: 104
  sha256: a1a241d172c1ccab067ba245206dd048bc3c2d1b84504b53c9468e99adfc16a1
  md5: 676a2f9b1c4fcf57b70aa5c65f6c60d0
  depends:
  - libgcc >=15
  - __glibc >=2.17,<3.0.a0
  - libzlib >=1.3.2,<2.0a0
  constrains:
  - xorg-libx11 >=1.8.13,<2.0a0
  license: TCL
  purls: []
  run_exports:
    weak:
    - tk >=8.6.13,<8.7.0a0
  size: 3566806
  timestamp: 1787272857910
- conda: https://conda.anaconda.org/conda-forge/linux-64/xxhash-0.8.3-hec8ed23_1.conda
  sha256: 540cf88e742b381244cbfdd2918cd5ed7523c1b0cc2945f3bb63620095c10e50
  md5: 72ab4ea51529ec63ff010ae9fb62b02f
  depends:
  - __glibc >=2.17,<3.0.a0
  - libgcc >=14
  license: BSD-2-Clause
  license_family: BSD
  purls: []
  run_exports:
    weak:
    - xxhash >=0.8.3,<0.8.4.0a0
  size: 109364
  timestamp: 1785949296126
- conda: https://conda.anaconda.org/conda-forge/linux-64/zlib-1.3.2-h25fd6f3_3.conda
  sha256: 16080a1c7724f7d25727cdc23c7658e0cec2db52448c1dc0c33467ee2c6e1c62
  md5: 6acb86426229f96f93e5468d1df3a5e8
  depends:
  - __glibc >=2.17,<3.0.a0
  - libzlib 1.3.2 h25fd6f3_3
  license: Zlib
  license_family: Other
  purls: []
  run_exports:
    weak:
    - libzlib >=1.3.2,<2.0a0
  size: 96132
  timestamp: 1785362957588
- conda: https://conda.anaconda.org/conda-forge/linux-64/zstd-1.5.7-hb78ec9c_7.conda
  sha256: 47d682b9f6d6ec9eb1a6e6c3e75ea6273e899e78fb7fc59f81d39745009fbc60
  md5: aa459086047c0e5e27023ab19f8cb86a
  depends:
  - __glibc >=2.17,<3.0.a0
  - libzlib >=1.3.2,<2.0a0
  license: BSD-3-Clause
  license_family: BSD
  purls: []
  run_exports:
    weak:
    - zstd >=1.5.7,<1.6.0a0
  size: 601301
  timestamp: 1786599621503
- conda: https://conda.anaconda.org/conda-forge/noarch/ca-certificates-2026.7.22-hbd8a1cb_0.conda
  sha256: 0a0544cf95f64394fe4959286f5c71f5444ad58feb0602e53becb27448d24da6
  md5: 0f51e2391ade309db462a55611263e9c
  depends:
  - __unix
  license: ISC
  purls: []
  run_exports: {}
  size: 131780
  timestamp: 1784754889428
- conda: https://conda.anaconda.org/conda-forge/noarch/compiler-rt22_linux-64-22.1.8-h0e38de2_2.conda
  sha256: 904e27f8b3b546bea397e2c68d5c82c6f0a24dbe24def9a7dee714e0b679c586
  md5: 422f14f6a5855c88cbba248e7375e915
  constrains:
  - compiler-rt >=9.0.1
  license: Apache-2.0 WITH LLVM-exception
  license_family: APACHE
  purls: []
  run_exports: {}
  size: 46349778
  timestamp: 1787293680166
- conda: https://conda.anaconda.org/conda-forge/noarch/compiler-rt_linux-64-22.1.8-ha770c72_2.conda
  sha256: 196eb6ea49630770f2ea7278f0ff4a4aa78b412729e8c958cd1d061f68387e65
  md5: 99515a09e96a5a0e33d8779b43c171df
  depends:
  - compiler-rt22_linux-64 22.1.8 h0e38de2_2
  constrains:
  - clang 22.1.8
  license: Apache-2.0 WITH LLVM-exception
  license_family: APACHE
  purls: []
  run_exports: {}
  size: 16656
  timestamp: 1787293765010
- conda: https://conda.anaconda.org/conda-forge/noarch/kernel-headers_linux-64-4.18.0-he073ed8_9.conda
  sha256: 41557eeadf641de6aeae49486cef30d02a6912d8da98585d687894afd65b356a
  md5: 86d9cba083cd041bfbf242a01a7a1999
  constrains:
  - sysroot_linux-64 ==2.28
  license: LGPL-2.0-or-later AND LGPL-2.0-or-later WITH exceptions AND GPL-2.0-or-later
  license_family: GPL
  purls: []
  run_exports: {}
  size: 1278712
  timestamp: 1765578681495
- conda: https://conda.anaconda.org/conda-forge/noarch/libgcc-devel_linux-64-15.2.0-hcc6f6b0_120.conda
  sha256: a57003c6ea0d7464d06f1e37ac3832faa0578b48e51896c896d83eda01c83d04
  md5: c2d79cd96c64647ada04757c41803c87
  depends:
  - __unix
  license: GPL-3.0-only WITH GCC-exception-3.1
  license_family: GPL
  purls: []
  run_exports: {}
  size: 3085810
  timestamp: 1784923656707
- conda: https://conda.anaconda.org/conda-forge/noarch/libstdcxx-devel_linux-64-15.2.0-hd446a21_120.conda
  sha256: 3cabbd98a31d584517c9d8588f5a5b32b49d9898bcce379f41f6138d5af6d6be
  md5: 05a8304d2ab5aa21c7144a114596f669
  depends:
  - __unix
  license: GPL-3.0-only WITH GCC-exception-3.1
  license_family: GPL
  purls: []
  run_exports: {}
  size: 20731561
  timestamp: 1784923742656
- conda: https://conda.anaconda.org/conda-forge/noarch/sysroot_linux-64-2.28-h4ee821c_9.conda
  sha256: c47299fe37aebb0fcf674b3be588e67e4afb86225be4b0d452c7eb75c086b851
  md5: 13dc3adbc692664cd3beabd216434749
  depends:
  - __glibc >=2.28
  - kernel-headers_linux-64 4.18.0 he073ed8_9
  - tzdata
  license: LGPL-2.0-or-later AND LGPL-2.0-or-later WITH exceptions AND GPL-2.0-or-later
  license_family: GPL
  purls: []
  run_exports:
    strong:
    - __glibc >=2.28,<3.0.a0
  size: 24008591
  timestamp: 1765578833462
- conda: https://conda.anaconda.org/conda-forge/noarch/tzdata-2026c-h151e31d_0.conda
  sha256: b928c30ddcb0e3f544c6eade8352737e6e610e263276b90232db6a578ef899d8
  md5: fcb489df604d100968b737f2cb6076c6
  license: LicenseRef-Public-Domain
  purls: []
  run_exports: {}
  size: 118849
  timestamp: 1784250406640
- pypi: https://files.pythonhosted.org/packages/49/d3/b8441a820a491ddfc024b0b0cf0393375b75ea13866d9c66727e54c2fc80/typing_extensions-4.16.0-py3-none-any.whl
  name: typing-extensions
  version: 4.16.0
  sha256: 481caa481374e813c1b176ada14e97f1f67a4539ce9cfeb3f350d78d6370c2e8
  requires_python: '>=3.9'
- pypi: https://files.pythonhosted.org/packages/9b/b4/e3c7e6fab0f77fff6194afa173d1f2342073d91b1d3b4b30b17c3fb4407a/numpy-2.1.2-cp312-cp312-manylinux_2_17_x86_64.manylinux2014_x86_64.whl
  name: numpy
  version: 2.1.2
  sha256: 6d95f286b8244b3649b477ac066c6906fbb2905f8ac19b170e2175d3d799f4df
  requires_python: '>=3.10'
- pypi: https://files.pythonhosted.org/packages/b4/33/720548182ffa8344418126017aa1d4ab4aeec9a2275f04ce3f3573d8ace8/PyYAML-6.0.1-cp312-cp312-manylinux_2_17_x86_64.manylinux2014_x86_64.whl
  name: pyyaml
  version: 6.0.1
  sha256: 6c22bec3fbe2524cde73d7ada88f6566758a8f7227bfbf93a408a9d86bcc12a0
  requires_python: '>=3.6'
- pypi: https://files.pythonhosted.org/packages/c7/f9/7d76c1eae866f5d4636401b31b6d6dd90e4b4ced1fa7cfdfcca9c60e4bd3/ml_dtypes-0.6.0-cp312-cp312-manylinux_2_27_x86_64.manylinux_2_28_x86_64.whl
  name: ml-dtypes
  version: 0.6.0
  sha256: 3b4a480aa8fd54a1805b8ac10f3f91763926a74f73c0c364c10f9231854f4170
  requires_dist:
  - numpy>=2.0.0
  - numpy>=2.1.0 ; python_full_version >= '3.13'
  - numpy>=2.3.0 ; python_full_version >= '3.14'
  - absl-py ; extra == 'dev'
  - pytest ; extra == 'dev'
  - pytest-xdist ; extra == 'dev'
  - pylint>=2.6.0 ; extra == 'dev'
  - pyink ; extra == 'dev'
  requires_python: '>=3.10'
- pypi: https://files.pythonhosted.org/packages/d8/72/16a606cbea58be568475f450ece121b3fd62cffb390fd0f8eb8b410904f5/nanobind-2.15.0-py3-none-any.whl
  name: nanobind
  version: 2.15.0
  sha256: 91dae9305c6242cf63ab11a5c41594e234e7a22fd9fcc2c5c4ba80724abc1787
